// !$*UTF8*$!
{
	archiveVersion = 1;
	classes = {
	};
	objectVersion = 50;
	objects = {

/* Begin PBXBuildFile section */
		62273F2920ECDC490010FC9C /* AppDelegate.swift in Sources */ = {isa = PBXBuildFile; fileRef = 62273F2820ECDC490010FC9C /* AppDelegate.swift */; };
		62273F2B20ECDC490010FC9C /* ViewController.swift in Sources */ = {isa = PBXBuildFile; fileRef = 62273F2A20ECDC490010FC9C /* ViewController.swift */; };
		62273F2E20ECDC490010FC9C /* Main.storyboard in Resources */ = {isa = PBXBuildFile; fileRef = 62273F2C20ECDC490010FC9C /* Main.storyboard */; };
		62273F3020ECDC4F0010FC9C /* Assets.xcassets in Resources */ = {isa = PBXBuildFile; fileRef = 62273F2F20ECDC4F0010FC9C /* Assets.xcassets */; };
		62273F3320ECDC4F0010FC9C /* LaunchScreen.storyboard in Resources */ = {isa = PBXBuildFile; fileRef = 62273F3120ECDC4F0010FC9C /* LaunchScreen.storyboard */; };
		62273F3E20ECDC4F0010FC9C /* GachaTech_01Tests.swift in Sources */ = {isa = PBXBuildFile; fileRef = 62273F3D20ECDC4F0010FC9C /* GachaTech_01Tests.swift */; };
		62273F4920ECDC4F0010FC9C /* GachaTech_01UITests.swift in Sources */ = {isa = PBXBuildFile; fileRef = 62273F4820ECDC4F0010FC9C /* GachaTech_01UITests.swift */; };
		62273F6720ECDD150010FC9C /* bg_blue@2x.png in Resources */ = {isa = PBXBuildFile; fileRef = 62273F5820ECDD150010FC9C /* bg_blue@2x.png */; };
		62273F6820ECDD150010FC9C /* bg_gold@2x.png in Resources */ = {isa = PBXBuildFile; fileRef = 62273F5920ECDD150010FC9C /* bg_gold@2x.png */; };
		62273F6920ECDD150010FC9C /* gacha@2x.png in Resources */ = {isa = PBXBuildFile; fileRef = 62273F5A20ECDD150010FC9C /* gacha@2x.png */; };
		62273F6A20ECDD150010FC9C /* bg_red@2x.png in Resources */ = {isa = PBXBuildFile; fileRef = 62273F5B20ECDD150010FC9C /* bg_red@2x.png */; };
		62273F6B20ECDD150010FC9C /* monster005.png in Resources */ = {isa = PBXBuildFile; fileRef = 62273F5D20ECDD150010FC9C /* monster005.png */; };
		62273F6C20ECDD150010FC9C /* monster010.png in Resources */ = {isa = PBXBuildFile; fileRef = 62273F5E20ECDD150010FC9C /* monster010.png */; };
		62273F6D20ECDD150010FC9C /* monster004.png in Resources */ = {isa = PBXBuildFile; fileRef = 62273F5F20ECDD150010FC9C /* monster004.png */; };
		62273F6E20ECDD150010FC9C /* monster006.png in Resources */ = {isa = PBXBuildFile; fileRef = 62273F6020ECDD150010FC9C /* monster006.png */; };
		62273F6F20ECDD150010FC9C /* monster007.png in Resources */ = {isa = PBXBuildFile; fileRef = 62273F6120ECDD150010FC9C /* monster007.png */; };
		62273F7020ECDD150010FC9C /* monster003.png in Resources */ = {isa = PBXBuildFile; fileRef = 62273F6220ECDD150010FC9C /* monster003.png */; };
		62273F7120ECDD150010FC9C /* monster002.png in Resources */ = {isa = PBXBuildFile; fileRef = 62273F6320ECDD150010FC9C /* monster002.png */; };
		62273F7220ECDD150010FC9C /* monster001.png in Resources */ = {isa = PBXBuildFile; fileRef = 62273F6420ECDD150010FC9C /* monster001.png */; };
		62273F7320ECDD150010FC9C /* monster009.png in Resources */ = {isa = PBXBuildFile; fileRef = 62273F6520ECDD150010FC9C /* monster009.png */; };
		62273F7420ECDD150010FC9C /* monster008.png in Resources */ = {isa = PBXBuildFile; fileRef = 62273F6620ECDD150010FC9C /* monster008.png */; };
		62273F7620ECDF130010FC9C /* ResultViewController.swift in Sources */ = {isa = PBXBuildFile; fileRef = 62273F7520ECDF130010FC9C /* ResultViewController.swift */; };
/* End PBXBuildFile section */

/* Begin PBXContainerItemProxy section */
		62273F3A20ECDC4F0010FC9C /* PBXContainerItemProxy */ = {
			isa = PBXContainerItemProxy;
			containerPortal = 62273F1D20ECDC490010FC9C /* Project object */;
			proxyType = 1;
			remoteGlobalIDString = 62273F2420ECDC490010FC9C;
			remoteInfo = GachaTech_01;
		};
		62273F4520ECDC4F0010FC9C /* PBXContainerItemProxy */ = {
			isa = PBXContainerItemProxy;
			containerPortal = 62273F1D20ECDC490010FC9C /* Project object */;
			proxyType = 1;
			remoteGlobalIDString = 62273F2420ECDC490010FC9C;
			remoteInfo = GachaTech_01;
		};
/* End PBXContainerItemProxy section */

/* Begin PBXFileReference section */
		62273F2520ECDC490010FC9C /* GachaTech_01.app */ = {isa = PBXFileReference; explicitFileType = wrapper.application; includeInIndex = 0; path = GachaTech_01.app; sourceTree = BUILT_PRODUCTS_DIR; };
		62273F2820ECDC490010FC9C /* AppDelegate.swift */ = {isa = PBXFileReference; lastKnownFileType = sourcecode.swift; path = AppDelegate.swift; sourceTree = "<group>"; };
		62273F2A20ECDC490010FC9C /* ViewController.swift */ = {isa = PBXFileReference; lastKnownFileType = sourcecode.swift; path = ViewController.swift; sourceTree = "<group>"; };
		62273F2D20ECDC490010FC9C /* Base */ = {isa = PBXFileReference; lastKnownFileType = file.storyboard; name = Base; path = Base.lproj/Main.storyboard; sourceTree = "<group>"; };
		62273F2F20ECDC4F0010FC9C /* Assets.xcassets */ = {isa = PBXFileReference; lastKnownFileType = folder.assetcatalog; path = Assets.xcassets; sourceTree = "<group>"; };
		62273F3220ECDC4F0010FC9C /* Base */ = {isa = PBXFileReference; lastKnownFileType = file.storyboard; name = Base; path = Base.lproj/LaunchScreen.storyboard; sourceTree = "<group>"; };
		62273F3420ECDC4F0010FC9C /* Info.plist */ = {isa = PBXFileReference; lastKnownFileType = text.plist.xml; path = Info.plist; sourceTree = "<group>"; };
		62273F3920ECDC4F0010FC9C /* GachaTech_01Tests.xctest */ = {isa = PBXFileReference; explicitFileType = wrapper.cfbundle; includeInIndex = 0; path = GachaTech_01Tests.xctest; sourceTree = BUILT_PRODUCTS_DIR; };
		62273F3D20ECDC4F0010FC9C /* GachaTech_01Tests.swift */ = {isa = PBXFileReference; lastKnownFileType = sourcecode.swift; path = GachaTech_01Tests.swift; sourceTree = "<group>"; };
		62273F3F20ECDC4F0010FC9C /* Info.plist */ = {isa = PBXFileReference; lastKnownFileType = text.plist.xml; path = Info.plist; sourceTree = "<group>"; };
		62273F4420ECDC4F0010FC9C /* GachaTech_01UITests.xctest */ = {isa = PBXFileReference; explicitFileType = wrapper.cfbundle; includeInIndex = 0; path = GachaTech_01UITests.xctest; sourceTree = BUILT_PRODUCTS_DIR; };
		62273F4820ECDC4F0010FC9C /* GachaTech_01UITests.swift */ = {isa = PBXFileReference; lastKnownFileType = sourcecode.swift; path = GachaTech_01UITests.swift; sourceTree = "<group>"; };
		62273F4A20ECDC4F0010FC9C /* Info.plist */ = {isa = PBXFileReference; lastKnownFileType = text.plist.xml; path = Info.plist; sourceTree = "<group>"; };
		62273F5820ECDD150010FC9C /* bg_blue@2x.png */ = {isa = PBXFileReference; lastKnownFileType = image.png; path = "bg_blue@2x.png"; sourceTree = "<group>"; };
		62273F5920ECDD150010FC9C /* bg_gold@2x.png */ = {isa = PBXFileReference; lastKnownFileType = image.png; path = "bg_gold@2x.png"; sourceTree = "<group>"; };
		62273F5A20ECDD150010FC9C /* gacha@2x.png */ = {isa = PBXFileReference; lastKnownFileType = image.png; path = "gacha@2x.png"; sourceTree = "<group>"; };
		62273F5B20ECDD150010FC9C /* bg_red@2x.png */ = {isa = PBXFileReference; lastKnownFileType = image.png; path = "bg_red@2x.png"; sourceTree = "<group>"; };
		62273F5D20ECDD150010FC9C /* monster005.png */ = {isa = PBXFileReference; lastKnownFileType = image.png; path = monster005.png; sourceTree = "<group>"; };
		62273F5E20ECDD150010FC9C /* monster010.png */ = {isa = PBXFileReference; lastKnownFileType = image.png; path = monster010.png; sourceTree = "<group>"; };
		62273F5F20ECDD150010FC9C /* monster004.png */ = {isa = PBXFileReference; lastKnownFileType = image.png; path = monster004.png; sourceTree = "<group>"; };
		62273F6020ECDD150010FC9C /* monster006.png */ = {isa = PBXFileReference; lastKnownFileType = image.png; path = monster006.png; sourceTree = "<group>"; };
		62273F6120ECDD150010FC9C /* monster007.png */ = {isa = PBXFileReference; lastKnownFileType = image.png; path = monster007.png; sourceTree = "<group>"; };
		62273F6220ECDD150010FC9C /* monster003.png */ = {isa = PBXFileReference; lastKnownFileType = image.png; path = monster003.png; sourceTree = "<group>"; };
		62273F6320ECDD150010FC9C /* monster002.png */ = {isa = PBXFileReference; lastKnownFileType = image.png; path = monster002.png; sourceTree = "<group>"; };
		62273F6420ECDD150010FC9C /* monster001.png */ = {isa = PBXFileReference; lastKnownFileType = image.png; path = monster001.png; sourceTree = "<group>"; };
		62273F6520ECDD150010FC9C /* monster009.png */ = {isa = PBXFileReference; lastKnownFileType = image.png; path = monster009.png; sourceTree = "<group>"; };
		62273F6620ECDD150010FC9C /* monster008.png */ = {isa = PBXFileReference; lastKnownFileType = image.png; path = monster008.png; sourceTree = "<group>"; };
		62273F7520ECDF130010FC9C /* ResultViewController.swift */ = {isa = PBXFileReference; lastKnownFileType = sourcecode.swift; path = ResultViewController.swift; sourceTree = "<group>"; };
/* End PBXFileReference section */

/* Begin PBXFrameworksBuildPhase section */
		62273F2220ECDC490010FC9C /* Frameworks */ = {
			isa = PBXFrameworksBuildPhase;
			buildActionMask = 2147483647;
			files = (
			);
			runOnlyForDeploymentPostprocessing = 0;
		};
		62273F3620ECDC4F0010FC9C /* Frameworks */ = {
			isa = PBXFrameworksBuildPhase;
			buildActionMask = 2147483647;
			files = (
			);
			runOnlyForDeploymentPostprocessing = 0;
		};
		62273F4120ECDC4F0010FC9C /* Frameworks */ = {
			isa = PBXFrameworksBuildPhase;
			buildActionMask = 2147483647;
			files = (
			);
			runOnlyForDeploymentPostprocessing = 0;
		};
/* End PBXFrameworksBuildPhase section */

/* Begin PBXGroup section */
		62273F1C20ECDC490010FC9C = {
			isa = PBXGroup;
			children = (
				62273F2720ECDC490010FC9C /* GachaTech_01 */,
				62273F3C20ECDC4F0010FC9C /* GachaTech_01Tests */,
				62273F4720ECDC4F0010FC9C /* GachaTech_01UITests */,
				62273F2620ECDC490010FC9C /* Products */,
			);
			sourceTree = "<group>";
		};
		62273F2620ECDC490010FC9C /* Products */ = {
			isa = PBXGroup;
			children = (
				62273F2520ECDC490010FC9C /* GachaTech_01.app */,
				62273F3920ECDC4F0010FC9C /* GachaTech_01Tests.xctest */,
				62273F4420ECDC4F0010FC9C /* GachaTech_01UITests.xctest */,
			);
			name = Products;
			sourceTree = "<group>";
		};
		62273F2720ECDC490010FC9C /* GachaTech_01 */ = {
			isa = PBXGroup;
			children = (
				62273F2820ECDC490010FC9C /* AppDelegate.swift */,
				62273F5620ECDD150010FC9C /* GachaResources */,
				62273F2A20ECDC490010FC9C /* ViewController.swift */,
				62273F7520ECDF130010FC9C /* ResultViewController.swift */,
				62273F2C20ECDC490010FC9C /* Main.storyboard */,
				62273F2F20ECDC4F0010FC9C /* Assets.xcassets */,
				62273F3120ECDC4F0010FC9C /* LaunchScreen.storyboard */,
				62273F3420ECDC4F0010FC9C /* Info.plist */,
			);
			path = GachaTech_01;
			sourceTree = "<group>";
		};
		62273F3C20ECDC4F0010FC9C /* GachaTech_01Tests */ = {
			isa = PBXGroup;
			children = (
				62273F3D20ECDC4F0010FC9C /* GachaTech_01Tests.swift */,
				62273F3F20ECDC4F0010FC9C /* Info.plist */,
			);
			path = GachaTech_01Tests;
			sourceTree = "<group>";
		};
		62273F4720ECDC4F0010FC9C /* GachaTech_01UITests */ = {
			isa = PBXGroup;
			children = (
				62273F4820ECDC4F0010FC9C /* GachaTech_01UITests.swift */,
				62273F4A20ECDC4F0010FC9C /* Info.plist */,
			);
			path = GachaTech_01UITests;
			sourceTree = "<group>";
		};
		62273F5620ECDD150010FC9C /* GachaResources */ = {
			isa = PBXGroup;
			children = (
				62273F5720ECDD150010FC9C /* background */,
				62273F5C20ECDD150010FC9C /* monster */,
			);
			path = GachaResources;
			sourceTree = "<group>";
		};
		62273F5720ECDD150010FC9C /* background */ = {
			isa = PBXGroup;
			children = (
				62273F5820ECDD150010FC9C /* bg_blue@2x.png */,
				62273F5920ECDD150010FC9C /* bg_gold@2x.png */,
				62273F5A20ECDD150010FC9C /* gacha@2x.png */,
				62273F5B20ECDD150010FC9C /* bg_red@2x.png */,
			);
			path = background;
			sourceTree = "<group>";
		};
		62273F5C20ECDD150010FC9C /* monster */ = {
			isa = PBXGroup;
			children = (
				62273F5D20ECDD150010FC9C /* monster005.png */,
				62273F5E20ECDD150010FC9C /* monster010.png */,
				62273F5F20ECDD150010FC9C /* monster004.png */,
				62273F6020ECDD150010FC9C /* monster006.png */,
				62273F6120ECDD150010FC9C /* monster007.png */,
				62273F6220ECDD150010FC9C /* monster003.png */,
				62273F6320ECDD150010FC9C /* monster002.png */,
				62273F6420ECDD150010FC9C /* monster001.png */,
				62273F6520ECDD150010FC9C /* monster009.png */,
				62273F6620ECDD150010FC9C /* monster008.png */,
			);
			path = monster;
			sourceTree = "<group>";
		};
/* End PBXGroup section */

/* Begin PBXNativeTarget section */
		62273F2420ECDC490010FC9C /* GachaTech_01 */ = {
			isa = PBXNativeTarget;
			buildConfigurationList = 62273F4D20ECDC4F0010FC9C /* Build configuration list for PBXNativeTarget "GachaTech_01" */;
			buildPhases = (
				62273F2120ECDC490010FC9C /* Sources */,
				62273F2220ECDC490010FC9C /* Frameworks */,
				62273F2320ECDC490010FC9C /* Resources */,
			);
			buildRules = (
			);
			dependencies = (
			);
			name = GachaTech_01;
			productName = GachaTech_01;
			productReference = 62273F2520ECDC490010FC9C /* GachaTech_01.app */;
			productType = "com.apple.product-type.application";
		};
		62273F3820ECDC4F0010FC9C /* GachaTech_01Tests */ = {
			isa = PBXNativeTarget;
			buildConfigurationList = 62273F5020ECDC4F0010FC9C /* Build configuration list for PBXNativeTarget "GachaTech_01Tests" */;
			buildPhases = (
				62273F3520ECDC4F0010FC9C /* Sources */,
				62273F3620ECDC4F0010FC9C /* Frameworks */,
				62273F3720ECDC4F0010FC9C /* Resources */,
			);
			buildRules = (
			);
			dependencies = (
				62273F3B20ECDC4F0010FC9C /* PBXTargetDependency */,
			);
			name = GachaTech_01Tests;
			productName = GachaTech_01Tests;
			productReference = 62273F3920ECDC4F0010FC9C /* GachaTech_01Tests.xctest */;
			productType = "com.apple.product-type.bundle.unit-test";
		};
		62273F4320ECDC4F0010FC9C /* GachaTech_01UITests */ = {
			isa = PBXNativeTarget;
			buildConfigurationList = 62273F5320ECDC4F0010FC9C /* Build configuration list for PBXNativeTarget "GachaTech_01UITests" */;
			buildPhases = (
				62273F4020ECDC4F0010FC9C /* Sources */,
				62273F4120ECDC4F0010FC9C /* Frameworks */,
				62273F4220ECDC4F0010FC9C /* Resources */,
			);
			buildRules = (
			);
			dependencies = (
				62273F4620ECDC4F0010FC9C /* PBXTargetDependency */,
			);
			name = GachaTech_01UITests;
			productName = GachaTech_01UITests;
			productReference = 62273F4420ECDC4F0010FC9C /* GachaTech_01UITests.xctest */;
			productType = "com.apple.product-type.bundle.ui-testing";
		};
/* End PBXNativeTarget section */

/* Begin PBXProject section */
		62273F1D20ECDC490010FC9C /* Project object */ = {
			isa = PBXProject;
			attributes = {
				LastSwiftUpdateCheck = 0930;
				LastUpgradeCheck = 0930;
				ORGANIZATIONNAME = "阿部一真";
				TargetAttributes = {
					62273F2420ECDC490010FC9C = {
						CreatedOnToolsVersion = 9.3;
					};
					62273F3820ECDC4F0010FC9C = {
						CreatedOnToolsVersion = 9.3;
						TestTargetID = 62273F2420ECDC490010FC9C;
					};
					62273F4320ECDC4F0010FC9C = {
						CreatedOnToolsVersion = 9.3;
						TestTargetID = 62273F2420ECDC490010FC9C;
					};
				};
			};
			buildConfigurationList = 62273F2020ECDC490010FC9C /* Build configuration list for PBXProject "GachaTech_01" */;
			compatibilityVersion = "Xcode 9.3";
			developmentRegion = en;
			hasScannedForEncodings = 0;
			knownRegions = (
				en,
				Base,
			);
			mainGroup = 62273F1C20ECDC490010FC9C;
			productRefGroup = 62273F2620ECDC490010FC9C /* Products */;
			projectDirPath = "";
			projectRoot = "";
			targets = (
				62273F2420ECDC490010FC9C /* GachaTech_01 */,
				62273F3820ECDC4F0010FC9C /* GachaTech_01Tests */,
				62273F4320ECDC4F0010FC9C /* GachaTech_01UITests */,
			);
		};
/* End PBXProject section */

/* Begin PBXResourcesBuildPhase section */
		62273F2320ECDC490010FC9C /* Resources */ = {
			isa = PBXResourcesBuildPhase;
			buildActionMask = 2147483647;
			files = (
				62273F6A20ECDD150010FC9C /* bg_red@2x.png in Resources */,
				62273F3320ECDC4F0010FC9C /* LaunchScreen.storyboard in Resources */,
				62273F7320ECDD150010FC9C /* monster009.png in Resources */,
				62273F6820ECDD150010FC9C /* bg_gold@2x.png in Resources */,
				62273F7020ECDD150010FC9C /* monster003.png in Resources */,
				62273F7220ECDD150010FC9C /* monster001.png in Resources */,
				62273F7420ECDD150010FC9C /* monster008.png in Resources */,
				62273F3020ECDC4F0010FC9C /* Assets.xcassets in Resources */,
				62273F6F20ECDD150010FC9C /* monster007.png in Resources */,
				62273F6920ECDD150010FC9C /* gacha@2x.png in Resources */,
				62273F7120ECDD150010FC9C /* monster002.png in Resources */,
				62273F2E20ECDC490010FC9C /* Main.storyboard in Resources */,
				62273F6C20ECDD150010FC9C /* monster010.png in Resources */,
				62273F6E20ECDD150010FC9C /* monster006.png in Resources */,
				62273F6B20ECDD150010FC9C /* monster005.png in Resources */,
				62273F6720ECDD150010FC9C /* bg_blue@2x.png in Resources */,
				62273F6D20ECDD150010FC9C /* monster004.png in Resources */,
			);
			runOnlyForDeploymentPostprocessing = 0;
		};
		62273F3720ECDC4F0010FC9C /* Resources */ = {
			isa = PBXResourcesBuildPhase;
			buildActionMask = 2147483647;
			files = (
			);
			runOnlyForDeploymentPostprocessing = 0;
		};
		62273F4220ECDC4F0010FC9C /* Resources */ = {
			isa = PBXResourcesBuildPhase;
			buildActionMask = 2147483647;
			files = (
			);
			runOnlyForDeploymentPostprocessing = 0;
		};
/* End PBXResourcesBuildPhase section */

/* Begin PBXSourcesBuildPhase section */
		62273F2120ECDC490010FC9C /* Sources */ = {
			isa = PBXSourcesBuildPhase;
			buildActionMask = 2147483647;
			files = (
				62273F2B20ECDC490010FC9C /* ViewController.swift in Sources */,
				62273F2920ECDC490010FC9C /* AppDelegate.swift in Sources */,
				62273F7620ECDF130010FC9C /* ResultViewController.swift in Sources */,
			);
			runOnlyForDeploymentPostprocessing = 0;
		};
		62273F3520ECDC4F0010FC9C /* Sources */ = {
			isa = PBXSourcesBuildPhase;
			buildActionMask = 2147483647;
			files = (
				62273F3E20ECDC4F0010FC9C /* GachaTech_01Tests.swift in Sources */,
			);
			runOnlyForDeploymentPostprocessing = 0;
		};
		62273F4020ECDC4F0010FC9C /* Sources */ = {
			isa = PBXSourcesBuildPhase;
			buildActionMask = 2147483647;
			files = (
				62273F4920ECDC4F0010FC9C /* GachaTech_01UITests.swift in Sources */,
			);
			runOnlyForDeploymentPostprocessing = 0;
		};
/* End PBXSourcesBuildPhase section */

/* Begin PBXTargetDependency section */
		62273F3B20ECDC4F0010FC9C /* PBXTargetDependency */ = {
			isa = PBXTargetDependency;
			target = 62273F2420ECDC490010FC9C /* GachaTech_01 */;
			targetProxy = 62273F3A20ECDC4F0010FC9C /* PBXContainerItemProxy */;
		};
		62273F4620ECDC4F0010FC9C /* PBXTargetDependency */ = {
			isa = PBXTargetDependency;
			target = 62273F2420ECDC490010FC9C /* GachaTech_01 */;
			targetProxy = 62273F4520ECDC4F0010FC9C /* PBXContainerItemProxy */;
		};
/* End PBXTargetDependency section */

/* Begin PBXVariantGroup section */
		62273F2C20ECDC490010FC9C /* Main.storyboard */ = {
			isa = PBXVariantGroup;
			children = (
				62273F2D20ECDC490010FC9C /* Base */,
			);
			name = Main.storyboard;
			sourceTree = "<group>";
		};
		62273F3120ECDC4F0010FC9C /* LaunchScreen.storyboard */ = {
			isa = PBXVariantGroup;
			children = (
				62273F3220ECDC4F0010FC9C /* Base */,
			);
			name = LaunchScreen.storyboard;
			sourceTree = "<group>";
		};
/* End PBXVariantGroup section */

/* Begin XCBuildConfiguration section */
		62273F4B20ECDC4F0010FC9C /* Debug */ = {
			isa = XCBuildConfiguration;
			buildSettings = {
				ALWAYS_SEARCH_USER_PATHS = NO;
				CLANG_ANALYZER_NONNULL = YES;
				CLANG_ANALYZER_NUMBER_OBJECT_CONVERSION = YES_AGGRESSIVE;
				CLANG_CXX_LANGUAGE_STANDARD = "gnu++14";
				CLANG_CXX_LIBRARY = "libc++";
				CLANG_ENABLE_MODULES = YES;
				CLANG_ENABLE_OBJC_ARC = YES;
				CLANG_ENABLE_OBJC_WEAK = YES;
				CLANG_WARN_BLOCK_CAPTURE_AUTORELEASING = YES;
				CLANG_WARN_BOOL_CONVERSION = YES;
				CLANG_WARN_COMMA = YES;
				CLANG_WARN_CONSTANT_CONVERSION = YES;
				CLANG_WARN_DEPRECATED_OBJC_IMPLEMENTATIONS = YES;
				CLANG_WARN_DIRECT_OBJC_ISA_USAGE = YES_ERROR;
				CLANG_WARN_DOCUMENTATION_COMMENTS = YES;
				CLANG_WARN_EMPTY_BODY = YES;
				CLANG_WARN_ENUM_CONVERSION = YES;
				CLANG_WARN_INFINITE_RECURSION = YES;
				CLANG_WARN_INT_CONVERSION = YES;
				CLANG_WARN_NON_LITERAL_NULL_CONVERSION = YES;
				CLANG_WARN_OBJC_IMPLICIT_RETAIN_SELF = YES;
				CLANG_WARN_OBJC_LITERAL_CONVERSION = YES;
				CLANG_WARN_OBJC_ROOT_CLASS = YES_ERROR;
				CLANG_WARN_RANGE_LOOP_ANALYSIS = YES;
				CLANG_WARN_STRICT_PROTOTYPES = YES;
				CLANG_WARN_SUSPICIOUS_MOVE = YES;
				CLANG_WARN_UNGUARDED_AVAILABILITY = YES_AGGRESSIVE;
				CLANG_WARN_UNREACHABLE_CODE = YES;
				CLANG_WARN__DUPLICATE_METHOD_MATCH = YES;
				CODE_SIGN_IDENTITY = "iPhone Developer";
				COPY_PHASE_STRIP = NO;
				DEBUG_INFORMATION_FORMAT = dwarf;
				ENABLE_STRICT_OBJC_MSGSEND = YES;
				ENABLE_TESTABILITY = YES;
				GCC_C_LANGUAGE_STANDARD = gnu11;
				GCC_DYNAMIC_NO_PIC = NO;
				GCC_NO_COMMON_BLOCKS = YES;
				GCC_OPTIMIZATION_LEVEL = 0;
				GCC_PREPROCESSOR_DEFINITIONS = (
					"DEBUG=1",
					"$(inherited)",
				);
				GCC_WARN_64_TO_32_BIT_CONVERSION = YES;
				GCC_WARN_ABOUT_RETURN_TYPE = YES_ERROR;
				GCC_WARN_UNDECLARED_SELECTOR = YES;
				GCC_WARN_UNINITIALIZED_AUTOS = YES_AGGRESSIVE;
				GCC_WARN_UNUSED_FUNCTION = YES;
				GCC_WARN_UNUSED_VARIABLE = YES;
				IPHONEOS_DEPLOYMENT_TARGET = 11.3;
				MTL_ENABLE_DEBUG_INFO = YES;
				ONLY_ACTIVE_ARCH = YES;
				SDKROOT = iphoneos;
				SWIFT_ACTIVE_COMPILATION_CONDITIONS = DEBUG;
				SWIFT_OPTIMIZATION_LEVEL = "-Onone";
			};
			name = Debug;
		};
		62273F4C20ECDC4F0010FC9C /* Release */ = {
			isa = XCBuildConfiguration;
			buildSettings = {
				ALWAYS_SEARCH_USER_PATHS = NO;
				CLANG_ANALYZER_NONNULL = YES;
				CLANG_ANALYZER_NUMBER_OBJECT_CONVERSION = YES_AGGRESSIVE;
				CLANG_CXX_LANGUAGE_STANDARD = "gnu++14";
				CLANG_CXX_LIBRARY = "libc++";
				CLANG_ENABLE_MODULES = YES;
				CLANG_ENABLE_OBJC_ARC = YES;
				CLANG_ENABLE_OBJC_WEAK = YES;
				CLANG_WARN_BLOCK_CAPTURE_AUTORELEASING = YES;
				CLANG_WARN_BOOL_CONVERSION = YES;
				CLANG_WARN_COMMA = YES;
				CLANG_WARN_CONSTANT_CONVERSION = YES;
				CLANG_WARN_DEPRECATED_OBJC_IMPLEMENTATIONS = YES;
				CLANG_WARN_DIRECT_OBJC_ISA_USAGE = YES_ERROR;
				CLANG_WARN_DOCUMENTATION_COMMENTS = YES;
				CLANG_WARN_EMPTY_BODY = YES;
				CLANG_WARN_ENUM_CONVERSION = YES;
				CLANG_WARN_INFINITE_RECURSION = YES;
				CLANG_WARN_INT_CONVERSION = YES;
				CLANG_WARN_NON_LITERAL_NULL_CONVERSION = YES;
				CLANG_WARN_OBJC_IMPLICIT_RETAIN_SELF = YES;
				CLANG_WARN_OBJC_LITERAL_CONVERSION = YES;
				CLANG_WARN_OBJC_ROOT_CLASS = YES_ERROR;
				CLANG_WARN_RANGE_LOOP_ANALYSIS = YES;
				CLANG_WARN_STRICT_PROTOTYPES = YES;
				CLANG_WARN_SUSPICIOUS_MOVE = YES;
				CLANG_WARN_UNGUARDED_AVAILABILITY = YES_AGGRESSIVE;
				CLANG_WARN_UNREACHABLE_CODE = YES;
				CLANG_WARN__DUPLICATE_METHOD_MATCH = YES;
				CODE_SIGN_IDENTITY = "iPhone Developer";
				COPY_PHASE_STRIP = NO;
				DEBUG_INFORMATION_FORMAT = "dwarf-with-dsym";
				ENABLE_NS_ASSERTIONS = NO;
				ENABLE_STRICT_OBJC_MSGSEND = YES;
				GCC_C_LANGUAGE_STANDARD = gnu11;
				GCC_NO_COMMON_BLOCKS = YES;
				GCC_WARN_64_TO_32_BIT_CONVERSION = YES;
				GCC_WARN_ABOUT_RETURN_TYPE = YES_ERROR;
				GCC_WARN_UNDECLARED_SELECTOR = YES;
				GCC_WARN_UNINITIALIZED_AUTOS = YES_AGGRESSIVE;
				GCC_WARN_UNUSED_FUNCTION = YES;
				GCC_WARN_UNUSED_VARIABLE = YES;
				IPHONEOS_DEPLOYMENT_TARGET = 11.3;
				MTL_ENABLE_DEBUG_INFO = NO;
				SDKROOT = iphoneos;
				SWIFT_COMPILATION_MODE = wholemodule;
				SWIFT_OPTIMIZATION_LEVEL = "-O";
				VALIDATE_PRODUCT = YES;
			};
			name = Release;
		};
		62273F4E20ECDC4F0010FC9C /* Debug */ = {
			isa = XCBuildConfiguration;
			buildSettings = {
				ASSETCATALOG_COMPILER_APPICON_NAME = AppIcon;
				CODE_SIGN_STYLE = Automatic;
				DEVELOPMENT_TEAM = 2K446D59RQ;
				INFOPLIST_FILE = GachaTech_01/Info.plist;
				LD_RUNPATH_SEARCH_PATHS = (
					"$(inherited)",
					"@executable_path/Frameworks",
				);
				PRODUCT_BUNDLE_IDENTIFIER = "com.litech.GachaTech-01";
				PRODUCT_NAME = "$(TARGET_NAME)";
				SWIFT_VERSION = 4.0;
				TARGETED_DEVICE_FAMILY = "1,2";
			};
			name = Debug;
		};
		62273F4F20ECDC4F0010FC9C /* Release */ = {
			isa = XCBuildConfiguration;
			buildSettings = {
				ASSETCATALOG_COMPILER_APPICON_NAME = AppIcon;
				CODE_SIGN_STYLE = Automatic;
				DEVELOPMENT_TEAM = 2K446D59RQ;
				INFOPLIST_FILE = GachaTech_01/Info.plist;
				LD_RUNPATH_SEARCH_PATHS = (
					"$(inherited)",
					"@executable_path/Frameworks",
				);
				PRODUCT_BUNDLE_IDENTIFIER = "com.litech.GachaTech-01";
				PRODUCT_NAME = "$(TARGET_NAME)";
				SWIFT_VERSION = 4.0;
				TARGETED_DEVICE_FAMILY = "1,2";
			};
			name = Release;
		};
		62273F5120ECDC4F0010FC9C /* Debug */ = {
			isa = XCBuildConfiguration;
			buildSettings = {
				ALWAYS_EMBED_SWIFT_STANDARD_LIBRARIES = YES;
				BUNDLE_LOADER = "$(TEST_HOST)";
				CODE_SIGN_STYLE = Automatic;
				DEVELOPMENT_TEAM = 2K446D59RQ;
				INFOPLIST_FILE = GachaTech_01Tests/Info.plist;
				LD_RUNPATH_SEARCH_PATHS = (
					"$(inherited)",
					"@executable_path/Frameworks",
					"@loader_path/Frameworks",
				);
				PRODUCT_BUNDLE_IDENTIFIER = "com.litech.GachaTech-01Tests";
				PRODUCT_NAME = "$(TARGET_NAME)";
				SWIFT_VERSION = 4.0;
				TARGETED_DEVICE_FAMILY = "1,2";
				TEST_HOST = "$(BUILT_PRODUCTS_DIR)/GachaTech_01.app/GachaTech_01";
			};
			name = Debug;
		};
		62273F5220ECDC4F0010FC9C /* Release */ = {
			isa = XCBuildConfiguration;
			buildSettings = {
				ALWAYS_EMBED_SWIFT_STANDARD_LIBRARIES = YES;
				BUNDLE_LOADER = "$(TEST_HOST)";
				CODE_SIGN_STYLE = Automatic;
				DEVELOPMENT_TEAM = 2K446D59RQ;
				INFOPLIST_FILE = GachaTech_01Tests/Info.plist;
				LD_RUNPATH_SEARCH_PATHS = (
					"$(inherited)",
					"@executable_path/Frameworks",
					"@loader_path/Frameworks",
				);
				PRODUCT_BUNDLE_IDENTIFIER = "com.litech.GachaTech-01Tests";
				PRODUCT_NAME = "$(TARGET_NAME)";
				SWIFT_VERSION = 4.0;
				TARGETED_DEVICE_FAMILY = "1,2";
				TEST_HOST = "$(BUILT_PRODUCTS_DIR)/GachaTech_01.app/GachaTech_01";
			};
			name = Release;
		};
		62273F5420ECDC4F0010FC9C /* Debug */ = {
			isa = XCBuildConfiguration;
			buildSettings = {
				ALWAYS_EMBED_SWIFT_STANDARD_LIBRARIES = YES;
				CODE_SIGN_STYLE = Automatic;
				DEVELOPMENT_TEAM = 2K446D59RQ;
				INFOPLIST_FILE = GachaTech_01UITests/Info.plist;
				LD_RUNPATH_SEARCH_PATHS = (
					"$(inherited)",
					"@executable_path/Frameworks",
					"@loader_path/Frameworks",
				);
				PRODUCT_BUNDLE_IDENTIFIER = "com.litech.GachaTech-01UITests";
				PRODUCT_NAME = "$(TARGET_NAME)";
				SWIFT_VERSION = 4.0;
				TARGETED_DEVICE_FAMILY = "1,2";
				TEST_TARGET_NAME = GachaTech_01;
			};
			name = Debug;
		};
		62273F5520ECDC4F0010FC9C /* Release */ = {
			isa = XCBuildConfiguration;
			buildSettings = {
				ALWAYS_EMBED_SWIFT_STANDARD_LIBRARIES = YES;
				CODE_SIGN_STYLE = Automatic;
				DEVELOPMENT_TEAM = 2K446D59RQ;
				INFOPLIST_FILE = GachaTech_01UITests/Info.plist;
				LD_RUNPATH_SEARCH_PATHS = (
					"$(inherited)",
					"@executable_path/Frameworks",
					"@loader_path/Frameworks",
				);
				PRODUCT_BUNDLE_IDENTIFIER = "com.litech.GachaTech-01UITests";
				PRODUCT_NAME = "$(TARGET_NAME)";
				SWIFT_VERSION = 4.0;
				TARGETED_DEVICE_FAMILY = "1,2";
				TEST_TARGET_NAME = GachaTech_01;
			};
			name = Release;
		};
/* End XCBuildConfiguration section */

/* Begin XCConfigurationList section */
		62273F2020ECDC490010FC9C /* Build configuration list for PBXProject "GachaTech_01" */ = {
			isa = XCConfigurationList;
			buildConfigurations = (
				62273F4B20ECDC4F0010FC9C /* Debug */,
				62273F4C20ECDC4F0010FC9C /* Release */,
			);
			defaultConfigurationIsVisible = 0;
			defaultConfigurationName = Release;
		};
		62273F4D20ECDC4F0010FC9C /* Build configuration list for PBXNativeTarget "GachaTech_01" */ = {
			isa = XCConfigurationList;
			buildConfigurations = (
				62273F4E20ECDC4F0010FC9C /* Debug */,
				62273F4F20ECDC4F0010FC9C /* Release */,
			);
			defaultConfigurationIsVisible = 0;
			defaultConfigurationName = Release;
		};
		62273F5020ECDC4F0010FC9C /* Build configuration list for PBXNativeTarget "GachaTech_01Tests" */ = {
			isa = XCConfigurationList;
			buildConfigurations = (
				62273F5120ECDC4F0010FC9C /* Debug */,
				62273F5220ECDC4F0010FC9C /* Release */,
			);
			defaultConfigurationIsVisible = 0;
			defaultConfigurationName = Release;
		};
		62273F5320ECDC4F0010FC9C /* Build configuration list for PBXNativeTarget "GachaTech_01UITests" */ = {
			isa = XCConfigurationList;
			buildConfigurations = (
				62273F5420ECDC4F0010FC9C /* Debug */,
				62273F5520ECDC4F0010FC9C /* Release */,
			);
			defaultConfigurationIsVisible = 0;
			defaultConfigurationName = Release;
		};
/* End XCConfigurationList section */
	};
	rootObject = 62273F1D20ECDC490010FC9C /* Project object */;
}
